
Microsoft Visual Studio Solution File, Format Version 12.00
# Visual Studio Version 17
VisualStudioVersion = 17.14.35906.104 d17.14
MinimumVisualStudioVersion = 10.0.40219.1
Project("{FAE04EC0-301F-11D3-BF4B-00C04F79EFBC}") = "WhileStatmentPractice", "WhileStatmentPractice\WhileStatmentPractice.csproj", "{59429F0B-1902-49F2-96FC-5A0B4FCC9F91}"
EndProject
Global
	GlobalSection(SolutionConfigurationPlatforms) = preSolution
		Debug|Any CPU = Debug|Any CPU
		Release|Any CPU = Release|Any CPU
	EndGlobalSection
	GlobalSection(ProjectConfigurationPlatforms) = postSolution
		{59429F0B-1902-49F2-96FC-5A0B4FCC9F91}.Debug|Any CPU.ActiveCfg = Debug|Any CPU
		{59429F0B-1902-49F2-96FC-5A0B4FCC9F91}.Debug|Any CPU.Build.0 = Debug|Any CPU
		{59429F0B-1902-49F2-96FC-5A0B4FCC9F91}.Release|Any CPU.ActiveCfg = Release|Any CPU
		{59429F0B-1902-49F2-96FC-5A0B4FCC9F91}.Release|Any CPU.Build.0 = Release|Any CPU
	EndGlobalSection
	GlobalSection(SolutionProperties) = preSolution
		HideSolutionNode = FALSE
	EndGlobalSection
	GlobalSection(ExtensibilityGlobals) = postSolution
		SolutionGuid = {8BF01B43-D254-4230-9BBB-A023D6FC147E}
	EndGlobalSection
EndGlobal
