
Microsoft Visual Studio Solution File, Format Version 12.00
# Visual Studio Version 17
VisualStudioVersion = 17.14.35906.104 d17.14
MinimumVisualStudioVersion = 10.0.40219.1
Project("{FAE04EC0-301F-11D3-BF4B-00C04F79EFBC}") = "MathAndComparisonOperators", "MathAndComparisonOperators\MathAndComparisonOperators.csproj", "{CD569789-3B8F-448F-B605-EB6C19F66845}"
EndProject
Global
	GlobalSection(SolutionConfigurationPlatforms) = preSolution
		Debug|Any CPU = Debug|Any CPU
		Release|Any CPU = Release|Any CPU
	EndGlobalSection
	GlobalSection(ProjectConfigurationPlatforms) = postSolution
		{CD569789-3B8F-448F-B605-EB6C19F66845}.Debug|Any CPU.ActiveCfg = Debug|Any CPU
		{CD569789-3B8F-448F-B605-EB6C19F66845}.Debug|Any CPU.Build.0 = Debug|Any CPU
		{CD569789-3B8F-448F-B605-EB6C19F66845}.Release|Any CPU.ActiveCfg = Release|Any CPU
		{CD569789-3B8F-448F-B605-EB6C19F66845}.Release|Any CPU.Build.0 = Release|Any CPU
	EndGlobalSection
	GlobalSection(SolutionProperties) = preSolution
		HideSolutionNode = FALSE
	EndGlobalSection
	GlobalSection(ExtensibilityGlobals) = postSolution
		SolutionGuid = {82960069-7DCE-43B6-8A87-901AB97CB525}
	EndGlobalSection
EndGlobal
