
Microsoft Visual Studio Solution File, Format Version 12.00
# Visual Studio Version 17
VisualStudioVersion = 17.14.35906.104 d17.14
MinimumVisualStudioVersion = 10.0.40219.1
Project("{FAE04EC0-301F-11D3-BF4B-00C04F79EFBC}") = "InsuranceQualifier", "InsuranceQualifier\InsuranceQualifier.csproj", "{07D0C952-A93A-45CA-8432-2C620D341900}"
EndProject
Global
	GlobalSection(SolutionConfigurationPlatforms) = preSolution
		Debug|Any CPU = Debug|Any CPU
		Release|Any CPU = Release|Any CPU
	EndGlobalSection
	GlobalSection(ProjectConfigurationPlatforms) = postSolution
		{07D0C952-A93A-45CA-8432-2C620D341900}.Debug|Any CPU.ActiveCfg = Debug|Any CPU
		{07D0C952-A93A-45CA-8432-2C620D341900}.Debug|Any CPU.Build.0 = Debug|Any CPU
		{07D0C952-A93A-45CA-8432-2C620D341900}.Release|Any CPU.ActiveCfg = Release|Any CPU
		{07D0C952-A93A-45CA-8432-2C620D341900}.Release|Any CPU.Build.0 = Release|Any CPU
	EndGlobalSection
	GlobalSection(SolutionProperties) = preSolution
		HideSolutionNode = FALSE
	EndGlobalSection
	GlobalSection(ExtensibilityGlobals) = postSolution
		SolutionGuid = {C35AEF1D-E103-47BC-A1BF-11A26B137838}
	EndGlobalSection
EndGlobal
