
Microsoft Visual Studio Solution File, Format Version 12.00
# Visual Studio Version 17
VisualStudioVersion = 17.14.35906.104 d17.14
MinimumVisualStudioVersion = 10.0.40219.1
Project("{FAE04EC0-301F-11D3-BF4B-00C04F79EFBC}") = "ClassApp", "ClassApp\ClassApp.csproj", "{30E23CC1-8FB8-4337-84BA-AF6F806D17EB}"
EndProject
Global
	GlobalSection(SolutionConfigurationPlatforms) = preSolution
		Debug|Any CPU = Debug|Any CPU
		Release|Any CPU = Release|Any CPU
	EndGlobalSection
	GlobalSection(ProjectConfigurationPlatforms) = postSolution
		{30E23CC1-8FB8-4337-84BA-AF6F806D17EB}.Debug|Any CPU.ActiveCfg = Debug|Any CPU
		{30E23CC1-8FB8-4337-84BA-AF6F806D17EB}.Debug|Any CPU.Build.0 = Debug|Any CPU
		{30E23CC1-8FB8-4337-84BA-AF6F806D17EB}.Release|Any CPU.ActiveCfg = Release|Any CPU
		{30E23CC1-8FB8-4337-84BA-AF6F806D17EB}.Release|Any CPU.Build.0 = Release|Any CPU
	EndGlobalSection
	GlobalSection(SolutionProperties) = preSolution
		HideSolutionNode = FALSE
	EndGlobalSection
	GlobalSection(ExtensibilityGlobals) = postSolution
		SolutionGuid = {70CAB332-9F63-4856-86BA-476ED8730A44}
	EndGlobalSection
EndGlobal
