
Microsoft Visual Studio Solution File, Format Version 12.00
# Visual Studio Version 17
VisualStudioVersion = 17.14.35906.104 d17.14
MinimumVisualStudioVersion = 10.0.40219.1
Project("{FAE04EC0-301F-11D3-BF4B-00C04F79EFBC}") = "PackageExpress", "PackageExpress\PackageExpress.csproj", "{1E9CB070-20C3-4B2B-A650-7A225631135A}"
EndProject
Global
	GlobalSection(SolutionConfigurationPlatforms) = preSolution
		Debug|Any CPU = Debug|Any CPU
		Release|Any CPU = Release|Any CPU
	EndGlobalSection
	GlobalSection(ProjectConfigurationPlatforms) = postSolution
		{1E9CB070-20C3-4B2B-A650-7A225631135A}.Debug|Any CPU.ActiveCfg = Debug|Any CPU
		{1E9CB070-20C3-4B2B-A650-7A225631135A}.Debug|Any CPU.Build.0 = Debug|Any CPU
		{1E9CB070-20C3-4B2B-A650-7A225631135A}.Release|Any CPU.ActiveCfg = Release|Any CPU
		{1E9CB070-20C3-4B2B-A650-7A225631135A}.Release|Any CPU.Build.0 = Release|Any CPU
	EndGlobalSection
	GlobalSection(SolutionProperties) = preSolution
		HideSolutionNode = FALSE
	EndGlobalSection
	GlobalSection(ExtensibilityGlobals) = postSolution
		SolutionGuid = {04076AAE-22F3-4524-A4D3-D24C733F4CA8}
	EndGlobalSection
EndGlobal
