
Microsoft Visual Studio Solution File, Format Version 12.00
# Visual Studio Version 17
VisualStudioVersion = 17.14.35906.104 d17.14
MinimumVisualStudioVersion = 10.0.40219.1
Project("{FAE04EC0-301F-11D3-BF4B-00C04F79EFBC}") = "GenericEmployeeApp", "GenericEmployeeApp\GenericEmployeeApp.csproj", "{A500F127-ED2B-4E99-838F-FB6932EFA87B}"
EndProject
Global
	GlobalSection(SolutionConfigurationPlatforms) = preSolution
		Debug|Any CPU = Debug|Any CPU
		Release|Any CPU = Release|Any CPU
	EndGlobalSection
	GlobalSection(ProjectConfigurationPlatforms) = postSolution
		{A500F127-ED2B-4E99-838F-FB6932EFA87B}.Debug|Any CPU.ActiveCfg = Debug|Any CPU
		{A500F127-ED2B-4E99-838F-FB6932EFA87B}.Debug|Any CPU.Build.0 = Debug|Any CPU
		{A500F127-ED2B-4E99-838F-FB6932EFA87B}.Release|Any CPU.ActiveCfg = Release|Any CPU
		{A500F127-ED2B-4E99-838F-FB6932EFA87B}.Release|Any CPU.Build.0 = Release|Any CPU
	EndGlobalSection
	GlobalSection(SolutionProperties) = preSolution
		HideSolutionNode = FALSE
	EndGlobalSection
	GlobalSection(ExtensibilityGlobals) = postSolution
		SolutionGuid = {80048BE1-6413-4221-8E27-605708FF4A82}
	EndGlobalSection
EndGlobal
