
Microsoft Visual Studio Solution File, Format Version 12.00
# Visual Studio Version 17
VisualStudioVersion = 17.14.35906.104 d17.14
MinimumVisualStudioVersion = 10.0.40219.1
Project("{FAE04EC0-301F-11D3-BF4B-00C04F79EFBC}") = "NamedParameterApp", "NamedParameterApp\NamedParameterApp.csproj", "{63F71F4E-EB20-4D83-8644-807A1E262394}"
EndProject
Global
	GlobalSection(SolutionConfigurationPlatforms) = preSolution
		Debug|Any CPU = Debug|Any CPU
		Release|Any CPU = Release|Any CPU
	EndGlobalSection
	GlobalSection(ProjectConfigurationPlatforms) = postSolution
		{63F71F4E-EB20-4D83-8644-807A1E262394}.Debug|Any CPU.ActiveCfg = Debug|Any CPU
		{63F71F4E-EB20-4D83-8644-807A1E262394}.Debug|Any CPU.Build.0 = Debug|Any CPU
		{63F71F4E-EB20-4D83-8644-807A1E262394}.Release|Any CPU.ActiveCfg = Release|Any CPU
		{63F71F4E-EB20-4D83-8644-807A1E262394}.Release|Any CPU.Build.0 = Release|Any CPU
	EndGlobalSection
	GlobalSection(SolutionProperties) = preSolution
		HideSolutionNode = FALSE
	EndGlobalSection
	GlobalSection(ExtensibilityGlobals) = postSolution
		SolutionGuid = {83FEDC33-E253-41A5-A32B-BDEAF8BCBAF0}
	EndGlobalSection
EndGlobal
