
Microsoft Visual Studio Solution File, Format Version 12.00
# Visual Studio Version 17
VisualStudioVersion = 17.14.35906.104 d17.14
MinimumVisualStudioVersion = 10.0.40219.1
Project("{FAE04EC0-301F-11D3-BF4B-00C04F79EFBC}") = "OperatorPractice", "OperatorPractice\OperatorPractice.csproj", "{AECF448C-A1ED-4DE0-AF2A-5915A01D46B1}"
EndProject
Global
	GlobalSection(SolutionConfigurationPlatforms) = preSolution
		Debug|Any CPU = Debug|Any CPU
		Release|Any CPU = Release|Any CPU
	EndGlobalSection
	GlobalSection(ProjectConfigurationPlatforms) = postSolution
		{AECF448C-A1ED-4DE0-AF2A-5915A01D46B1}.Debug|Any CPU.ActiveCfg = Debug|Any CPU
		{AECF448C-A1ED-4DE0-AF2A-5915A01D46B1}.Debug|Any CPU.Build.0 = Debug|Any CPU
		{AECF448C-A1ED-4DE0-AF2A-5915A01D46B1}.Release|Any CPU.ActiveCfg = Release|Any CPU
		{AECF448C-A1ED-4DE0-AF2A-5915A01D46B1}.Release|Any CPU.Build.0 = Release|Any CPU
	EndGlobalSection
	GlobalSection(SolutionProperties) = preSolution
		HideSolutionNode = FALSE
	EndGlobalSection
	GlobalSection(ExtensibilityGlobals) = postSolution
		SolutionGuid = {E439B0E1-A305-419C-AD4F-BEBA8B43890F}
	EndGlobalSection
EndGlobal
